
Microsoft Visual Studio Solution File, Format Version 12.00
# Visual Studio Version 17
VisualStudioVersion = 17.10.35027.167
MinimumVisualStudioVersion = 10.0.40219.1
Project("{9A19103F-16F7-4668-BE54-9A1E7A4F7556}") = "EthernetTranslator-CSharp", "EthernetTranslator-CSharp.csproj", "{4911F431-F395-4D26-B922-B0BDCE2AA8BE}"
EndProject
Global
	GlobalSection(SolutionConfigurationPlatforms) = preSolution
		Debug|Any CPU = Debug|Any CPU
		Release|Any CPU = Release|Any CPU
	EndGlobalSection
	GlobalSection(ProjectConfigurationPlatforms) = postSolution
		{4911F431-F395-4D26-B922-B0BDCE2AA8BE}.Debug|Any CPU.ActiveCfg = Debug|Any CPU
		{4911F431-F395-4D26-B922-B0BDCE2AA8BE}.Debug|Any CPU.Build.0 = Debug|Any CPU
		{4911F431-F395-4D26-B922-B0BDCE2AA8BE}.Release|Any CPU.ActiveCfg = Release|Any CPU
		{4911F431-F395-4D26-B922-B0BDCE2AA8BE}.Release|Any CPU.Build.0 = Release|Any CPU
	EndGlobalSection
	GlobalSection(SolutionProperties) = preSolution
		HideSolutionNode = FALSE
	EndGlobalSection
	GlobalSection(ExtensibilityGlobals) = postSolution
		SolutionGuid = {FE5F725A-410C-4FFE-A97C-48CF635718DE}
	EndGlobalSection
EndGlobal
